
Microsoft Visual Studio Solution File, Format Version 12.00
# Visual Studio Version 17
VisualStudioVersion = 17.0.31903.59
MinimumVisualStudioVersion = 10.0.40219.1
Project("{2150E333-8FDC-42A3-9474-1A3956D46DE8}") = "src", "src", "{827E0CD3-B72D-47B6-A68D-7590B98EB39B}"
EndProject
Project("{2150E333-8FDC-42A3-9474-1A3956D46DE8}") = "Gateway", "Gateway", "{6306A8FB-679E-111F-6585-8F70E0EE6013}"
EndProject
Project("{FAE04EC0-301F-11D3-BF4B-00C04F79EFBC}") = "Gateway", "src\Gateway\Gateway\Gateway.csproj", "{B21A8655-86AF-482D-9551-1620DD521DF0}"
EndProject
Project("{2150E333-8FDC-42A3-9474-1A3956D46DE8}") = "Services", "Services", "{984BB9B3-3FA3-BE33-9484-CAC21695A33C}"
EndProject
Project("{2150E333-8FDC-42A3-9474-1A3956D46DE8}") = "ProductService", "ProductService", "{C956A69C-8222-8E0F-7E05-45145B4D88F9}"
EndProject
Project("{FAE04EC0-301F-11D3-BF4B-00C04F79EFBC}") = "ProductService", "src\Services\ProductService\ProductService\ProductService.csproj", "{B10498F8-86E2-4CCD-83C4-43A27A6B09A2}"
EndProject
Project("{FAE04EC0-301F-11D3-BF4B-00C04F79EFBC}") = "OrderService", "src\Services\OrderService\OrderService\OrderService.csproj", "{3D603349-49BF-4401-B63C-76EB09C4E558}"
EndProject
Project("{FAE04EC0-301F-11D3-BF4B-00C04F79EFBC}") = "ShippingService", "src\Services\ShippingService\ShippingService\ShippingService.csproj", "{1828E0DB-1A98-4C76-B118-47441B479DE1}"
EndProject
Project("{2150E333-8FDC-42A3-9474-1A3956D46DE8}") = "ReviewsService", "ReviewsService", "{7B61AF3E-A12A-3E28-D214-C970A707FECC}"
EndProject
Project("{FAE04EC0-301F-11D3-BF4B-00C04F79EFBC}") = "ReviewsService", "src\Services\ReviewsService\ReviewsService\ReviewsService.csproj", "{03338262-DC8B-4E28-B638-5828373C65BB}"
EndProject
Project("{FAE04EC0-301F-11D3-BF4B-00C04F79EFBC}") = "PromotionsService", "src\Services\PromotionsService\PromotionsService\PromotionsService.csproj", "{194541C8-E76C-447D-8EA2-7FC5231E19B3}"
EndProject
Project("{2150E333-8FDC-42A3-9474-1A3956D46DE8}") = "BuildingBlocks", "BuildingBlocks", "{90298CBA-BD6F-3A0A-69D5-97CAD7B05E7E}"
EndProject
Project("{2150E333-8FDC-42A3-9474-1A3956D46DE8}") = "EShop.Shared", "EShop.Shared", "{896C2B25-6666-BEF7-2AE5-4FDC725C3685}"
EndProject
Project("{FAE04EC0-301F-11D3-BF4B-00C04F79EFBC}") = "EShop.Shared", "src\BuildingBlocks\EShop.Shared\EShop.Shared\EShop.Shared.csproj", "{9BC2F3B3-9A65-4F03-AB0B-D66EDB9C00A9}"
EndProject
Project("{FAE04EC0-301F-11D3-BF4B-00C04F79EFBC}") = "EShop.Messaging", "src\BuildingBlocks\EShop.Messaging\EShop.Messaging\EShop.Messaging.csproj", "{72C60137-6BAD-4EB4-AF89-F0D30397E7F7}"
EndProject
Global
	GlobalSection(SolutionConfigurationPlatforms) = preSolution
		Debug|Any CPU = Debug|Any CPU
		Debug|x64 = Debug|x64
		Debug|x86 = Debug|x86
		Release|Any CPU = Release|Any CPU
		Release|x64 = Release|x64
		Release|x86 = Release|x86
	EndGlobalSection
	GlobalSection(ProjectConfigurationPlatforms) = postSolution
		{B21A8655-86AF-482D-9551-1620DD521DF0}.Debug|Any CPU.ActiveCfg = Debug|Any CPU
		{B21A8655-86AF-482D-9551-1620DD521DF0}.Debug|Any CPU.Build.0 = Debug|Any CPU
		{B21A8655-86AF-482D-9551-1620DD521DF0}.Debug|x64.ActiveCfg = Debug|Any CPU
		{B21A8655-86AF-482D-9551-1620DD521DF0}.Debug|x64.Build.0 = Debug|Any CPU
		{B21A8655-86AF-482D-9551-1620DD521DF0}.Debug|x86.ActiveCfg = Debug|Any CPU
		{B21A8655-86AF-482D-9551-1620DD521DF0}.Debug|x86.Build.0 = Debug|Any CPU
		{B21A8655-86AF-482D-9551-1620DD521DF0}.Release|Any CPU.ActiveCfg = Release|Any CPU
		{B21A8655-86AF-482D-9551-1620DD521DF0}.Release|Any CPU.Build.0 = Release|Any CPU
		{B21A8655-86AF-482D-9551-1620DD521DF0}.Release|x64.ActiveCfg = Release|Any CPU
		{B21A8655-86AF-482D-9551-1620DD521DF0}.Release|x64.Build.0 = Release|Any CPU
		{B21A8655-86AF-482D-9551-1620DD521DF0}.Release|x86.ActiveCfg = Release|Any CPU
		{B21A8655-86AF-482D-9551-1620DD521DF0}.Release|x86.Build.0 = Release|Any CPU
		{B10498F8-86E2-4CCD-83C4-43A27A6B09A2}.Debug|Any CPU.ActiveCfg = Debug|Any CPU
		{B10498F8-86E2-4CCD-83C4-43A27A6B09A2}.Debug|Any CPU.Build.0 = Debug|Any CPU
		{B10498F8-86E2-4CCD-83C4-43A27A6B09A2}.Debug|x64.ActiveCfg = Debug|Any CPU
		{B10498F8-86E2-4CCD-83C4-43A27A6B09A2}.Debug|x64.Build.0 = Debug|Any CPU
		{B10498F8-86E2-4CCD-83C4-43A27A6B09A2}.Debug|x86.ActiveCfg = Debug|Any CPU
		{B10498F8-86E2-4CCD-83C4-43A27A6B09A2}.Debug|x86.Build.0 = Debug|Any CPU
		{B10498F8-86E2-4CCD-83C4-43A27A6B09A2}.Release|Any CPU.ActiveCfg = Release|Any CPU
		{B10498F8-86E2-4CCD-83C4-43A27A6B09A2}.Release|Any CPU.Build.0 = Release|Any CPU
		{B10498F8-86E2-4CCD-83C4-43A27A6B09A2}.Release|x64.ActiveCfg = Release|Any CPU
		{B10498F8-86E2-4CCD-83C4-43A27A6B09A2}.Release|x64.Build.0 = Release|Any CPU
		{B10498F8-86E2-4CCD-83C4-43A27A6B09A2}.Release|x86.ActiveCfg = Release|Any CPU
		{B10498F8-86E2-4CCD-83C4-43A27A6B09A2}.Release|x86.Build.0 = Release|Any CPU
		{3D603349-49BF-4401-B63C-76EB09C4E558}.Debug|Any CPU.ActiveCfg = Debug|Any CPU
		{3D603349-49BF-4401-B63C-76EB09C4E558}.Debug|Any CPU.Build.0 = Debug|Any CPU
		{3D603349-49BF-4401-B63C-76EB09C4E558}.Debug|x64.ActiveCfg = Debug|Any CPU
		{3D603349-49BF-4401-B63C-76EB09C4E558}.Debug|x64.Build.0 = Debug|Any CPU
		{3D603349-49BF-4401-B63C-76EB09C4E558}.Debug|x86.ActiveCfg = Debug|Any CPU
		{3D603349-49BF-4401-B63C-76EB09C4E558}.Debug|x86.Build.0 = Debug|Any CPU
		{3D603349-49BF-4401-B63C-76EB09C4E558}.Release|Any CPU.ActiveCfg = Release|Any CPU
		{3D603349-49BF-4401-B63C-76EB09C4E558}.Release|Any CPU.Build.0 = Release|Any CPU
		{3D603349-49BF-4401-B63C-76EB09C4E558}.Release|x64.ActiveCfg = Release|Any CPU
		{3D603349-49BF-4401-B63C-76EB09C4E558}.Release|x64.Build.0 = Release|Any CPU
		{3D603349-49BF-4401-B63C-76EB09C4E558}.Release|x86.ActiveCfg = Release|Any CPU
		{3D603349-49BF-4401-B63C-76EB09C4E558}.Release|x86.Build.0 = Release|Any CPU
		{1828E0DB-1A98-4C76-B118-47441B479DE1}.Debug|Any CPU.ActiveCfg = Debug|Any CPU
		{1828E0DB-1A98-4C76-B118-47441B479DE1}.Debug|Any CPU.Build.0 = Debug|Any CPU
		{1828E0DB-1A98-4C76-B118-47441B479DE1}.Debug|x64.ActiveCfg = Debug|Any CPU
		{1828E0DB-1A98-4C76-B118-47441B479DE1}.Debug|x64.Build.0 = Debug|Any CPU
		{1828E0DB-1A98-4C76-B118-47441B479DE1}.Debug|x86.ActiveCfg = Debug|Any CPU
		{1828E0DB-1A98-4C76-B118-47441B479DE1}.Debug|x86.Build.0 = Debug|Any CPU
		{1828E0DB-1A98-4C76-B118-47441B479DE1}.Release|Any CPU.ActiveCfg = Release|Any CPU
		{1828E0DB-1A98-4C76-B118-47441B479DE1}.Release|Any CPU.Build.0 = Release|Any CPU
		{1828E0DB-1A98-4C76-B118-47441B479DE1}.Release|x64.ActiveCfg = Release|Any CPU
		{1828E0DB-1A98-4C76-B118-47441B479DE1}.Release|x64.Build.0 = Release|Any CPU
		{1828E0DB-1A98-4C76-B118-47441B479DE1}.Release|x86.ActiveCfg = Release|Any CPU
		{1828E0DB-1A98-4C76-B118-47441B479DE1}.Release|x86.Build.0 = Release|Any CPU
		{03338262-DC8B-4E28-B638-5828373C65BB}.Debug|Any CPU.ActiveCfg = Debug|Any CPU
		{03338262-DC8B-4E28-B638-5828373C65BB}.Debug|Any CPU.Build.0 = Debug|Any CPU
		{03338262-DC8B-4E28-B638-5828373C65BB}.Debug|x64.ActiveCfg = Debug|Any CPU
		{03338262-DC8B-4E28-B638-5828373C65BB}.Debug|x64.Build.0 = Debug|Any CPU
		{03338262-DC8B-4E28-B638-5828373C65BB}.Debug|x86.ActiveCfg = Debug|Any CPU
		{03338262-DC8B-4E28-B638-5828373C65BB}.Debug|x86.Build.0 = Debug|Any CPU
		{03338262-DC8B-4E28-B638-5828373C65BB}.Release|Any CPU.ActiveCfg = Release|Any CPU
		{03338262-DC8B-4E28-B638-5828373C65BB}.Release|Any CPU.Build.0 = Release|Any CPU
		{03338262-DC8B-4E28-B638-5828373C65BB}.Release|x64.ActiveCfg = Release|Any CPU
		{03338262-DC8B-4E28-B638-5828373C65BB}.Release|x64.Build.0 = Release|Any CPU
		{03338262-DC8B-4E28-B638-5828373C65BB}.Release|x86.ActiveCfg = Release|Any CPU
		{03338262-DC8B-4E28-B638-5828373C65BB}.Release|x86.Build.0 = Release|Any CPU
		{194541C8-E76C-447D-8EA2-7FC5231E19B3}.Debug|Any CPU.ActiveCfg = Debug|Any CPU
		{194541C8-E76C-447D-8EA2-7FC5231E19B3}.Debug|Any CPU.Build.0 = Debug|Any CPU
		{194541C8-E76C-447D-8EA2-7FC5231E19B3}.Debug|x64.ActiveCfg = Debug|Any CPU
		{194541C8-E76C-447D-8EA2-7FC5231E19B3}.Debug|x64.Build.0 = Debug|Any CPU
		{194541C8-E76C-447D-8EA2-7FC5231E19B3}.Debug|x86.ActiveCfg = Debug|Any CPU
		{194541C8-E76C-447D-8EA2-7FC5231E19B3}.Debug|x86.Build.0 = Debug|Any CPU
		{194541C8-E76C-447D-8EA2-7FC5231E19B3}.Release|Any CPU.ActiveCfg = Release|Any CPU
		{194541C8-E76C-447D-8EA2-7FC5231E19B3}.Release|Any CPU.Build.0 = Release|Any CPU
		{194541C8-E76C-447D-8EA2-7FC5231E19B3}.Release|x64.ActiveCfg = Release|Any CPU
		{194541C8-E76C-447D-8EA2-7FC5231E19B3}.Release|x64.Build.0 = Release|Any CPU
		{194541C8-E76C-447D-8EA2-7FC5231E19B3}.Release|x86.ActiveCfg = Release|Any CPU
		{194541C8-E76C-447D-8EA2-7FC5231E19B3}.Release|x86.Build.0 = Release|Any CPU
		{9BC2F3B3-9A65-4F03-AB0B-D66EDB9C00A9}.Debug|Any CPU.ActiveCfg = Debug|Any CPU
		{9BC2F3B3-9A65-4F03-AB0B-D66EDB9C00A9}.Debug|Any CPU.Build.0 = Debug|Any CPU
		{9BC2F3B3-9A65-4F03-AB0B-D66EDB9C00A9}.Debug|x64.ActiveCfg = Debug|Any CPU
		{9BC2F3B3-9A65-4F03-AB0B-D66EDB9C00A9}.Debug|x64.Build.0 = Debug|Any CPU
		{9BC2F3B3-9A65-4F03-AB0B-D66EDB9C00A9}.Debug|x86.ActiveCfg = Debug|Any CPU
		{9BC2F3B3-9A65-4F03-AB0B-D66EDB9C00A9}.Debug|x86.Build.0 = Debug|Any CPU
		{9BC2F3B3-9A65-4F03-AB0B-D66EDB9C00A9}.Release|Any CPU.ActiveCfg = Release|Any CPU
		{9BC2F3B3-9A65-4F03-AB0B-D66EDB9C00A9}.Release|Any CPU.Build.0 = Release|Any CPU
		{9BC2F3B3-9A65-4F03-AB0B-D66EDB9C00A9}.Release|x64.ActiveCfg = Release|Any CPU
		{9BC2F3B3-9A65-4F03-AB0B-D66EDB9C00A9}.Release|x64.Build.0 = Release|Any CPU
		{9BC2F3B3-9A65-4F03-AB0B-D66EDB9C00A9}.Release|x86.ActiveCfg = Release|Any CPU
		{9BC2F3B3-9A65-4F03-AB0B-D66EDB9C00A9}.Release|x86.Build.0 = Release|Any CPU
		{72C60137-6BAD-4EB4-AF89-F0D30397E7F7}.Debug|Any CPU.ActiveCfg = Debug|Any CPU
		{72C60137-6BAD-4EB4-AF89-F0D30397E7F7}.Debug|Any CPU.Build.0 = Debug|Any CPU
		{72C60137-6BAD-4EB4-AF89-F0D30397E7F7}.Debug|x64.ActiveCfg = Debug|Any CPU
		{72C60137-6BAD-4EB4-AF89-F0D30397E7F7}.Debug|x64.Build.0 = Debug|Any CPU
		{72C60137-6BAD-4EB4-AF89-F0D30397E7F7}.Debug|x86.ActiveCfg = Debug|Any CPU
		{72C60137-6BAD-4EB4-AF89-F0D30397E7F7}.Debug|x86.Build.0 = Debug|Any CPU
		{72C60137-6BAD-4EB4-AF89-F0D30397E7F7}.Release|Any CPU.ActiveCfg = Release|Any CPU
		{72C60137-6BAD-4EB4-AF89-F0D30397E7F7}.Release|Any CPU.Build.0 = Release|Any CPU
		{72C60137-6BAD-4EB4-AF89-F0D30397E7F7}.Release|x64.ActiveCfg = Release|Any CPU
		{72C60137-6BAD-4EB4-AF89-F0D30397E7F7}.Release|x64.Build.0 = Release|Any CPU
		{72C60137-6BAD-4EB4-AF89-F0D30397E7F7}.Release|x86.ActiveCfg = Release|Any CPU
		{72C60137-6BAD-4EB4-AF89-F0D30397E7F7}.Release|x86.Build.0 = Release|Any CPU
	EndGlobalSection
	GlobalSection(SolutionProperties) = preSolution
		HideSolutionNode = FALSE
	EndGlobalSection
	GlobalSection(NestedProjects) = preSolution
		{6306A8FB-679E-111F-6585-8F70E0EE6013} = {827E0CD3-B72D-47B6-A68D-7590B98EB39B}
		{B21A8655-86AF-482D-9551-1620DD521DF0} = {6306A8FB-679E-111F-6585-8F70E0EE6013}
		{984BB9B3-3FA3-BE33-9484-CAC21695A33C} = {827E0CD3-B72D-47B6-A68D-7590B98EB39B}
		{C956A69C-8222-8E0F-7E05-45145B4D88F9} = {984BB9B3-3FA3-BE33-9484-CAC21695A33C}
		{B10498F8-86E2-4CCD-83C4-43A27A6B09A2} = {C956A69C-8222-8E0F-7E05-45145B4D88F9}
		{3D603349-49BF-4401-B63C-76EB09C4E558} = {C956A69C-8222-8E0F-7E05-45145B4D88F9}
		{1828E0DB-1A98-4C76-B118-47441B479DE1} = {C956A69C-8222-8E0F-7E05-45145B4D88F9}
		{7B61AF3E-A12A-3E28-D214-C970A707FECC} = {984BB9B3-3FA3-BE33-9484-CAC21695A33C}
		{03338262-DC8B-4E28-B638-5828373C65BB} = {7B61AF3E-A12A-3E28-D214-C970A707FECC}
		{194541C8-E76C-447D-8EA2-7FC5231E19B3} = {7B61AF3E-A12A-3E28-D214-C970A707FECC}
		{90298CBA-BD6F-3A0A-69D5-97CAD7B05E7E} = {827E0CD3-B72D-47B6-A68D-7590B98EB39B}
		{896C2B25-6666-BEF7-2AE5-4FDC725C3685} = {90298CBA-BD6F-3A0A-69D5-97CAD7B05E7E}
		{9BC2F3B3-9A65-4F03-AB0B-D66EDB9C00A9} = {896C2B25-6666-BEF7-2AE5-4FDC725C3685}
		{72C60137-6BAD-4EB4-AF89-F0D30397E7F7} = {896C2B25-6666-BEF7-2AE5-4FDC725C3685}
	EndGlobalSection
EndGlobal
